
Microsoft Visual Studio Solution File, Format Version 10.00
# Visual Studio 2008
Project("{8BC9CEB8-8B4A-11D0-8D11-00A0C91BC942}") = "rsp_console", "rsp_console.vcproj", "{BCE26081-E614-481C-A1A1-0C7F2ABB5218}"
EndProject
Global
	GlobalSection(SolutionConfigurationPlatforms) = preSolution
		Debug|Win32 = Debug|Win32
		Release|Win32 = Release|Win32
	EndGlobalSection
	GlobalSection(ProjectConfigurationPlatforms) = postSolution
		{BCE26081-E614-481C-A1A1-0C7F2ABB5218}.Debug|Win32.ActiveCfg = Debug|Win32
		{BCE26081-E614-481C-A1A1-0C7F2ABB5218}.Debug|Win32.Build.0 = Debug|Win32
		{BCE26081-E614-481C-A1A1-0C7F2ABB5218}.Release|Win32.ActiveCfg = Release|Win32
		{BCE26081-E614-481C-A1A1-0C7F2ABB5218}.Release|Win32.Build.0 = Release|Win32
	EndGlobalSection
	GlobalSection(SolutionProperties) = preSolution
		HideSolutionNode = FALSE
	EndGlobalSection
EndGlobal
