
Microsoft Visual Studio Solution File, Format Version 11.00
# Visual Studio 2010
Project("{8BC9CEB8-8B4A-11D0-8D11-00A0C91BC942}") = "hello_world_gles", "hello_world_gles\hello_world_gles.vcxproj", "{F82336A6-3A85-45E2-9A96-26DEA54280C5}"
EndProject
Global
	GlobalSection(SolutionConfigurationPlatforms) = preSolution
		Debug|NaCl32 = Debug|NaCl32
		Debug|NaCl64 = Debug|NaCl64
		Debug|PPAPI = Debug|PPAPI
		Release|NaCl32 = Release|NaCl32
		Release|NaCl64 = Release|NaCl64
		Release|PPAPI = Release|PPAPI
	EndGlobalSection
	GlobalSection(ProjectConfigurationPlatforms) = postSolution
		{F82336A6-3A85-45E2-9A96-26DEA54280C5}.Debug|NaCl32.ActiveCfg = Debug|NaCl32
		{F82336A6-3A85-45E2-9A96-26DEA54280C5}.Debug|NaCl32.Build.0 = Debug|NaCl32
		{F82336A6-3A85-45E2-9A96-26DEA54280C5}.Debug|NaCl64.ActiveCfg = Debug|NaCl64
		{F82336A6-3A85-45E2-9A96-26DEA54280C5}.Debug|NaCl64.Build.0 = Debug|NaCl64
		{F82336A6-3A85-45E2-9A96-26DEA54280C5}.Debug|PPAPI.ActiveCfg = Debug|PPAPI
		{F82336A6-3A85-45E2-9A96-26DEA54280C5}.Debug|PPAPI.Build.0 = Debug|PPAPI
		{F82336A6-3A85-45E2-9A96-26DEA54280C5}.Release|NaCl32.ActiveCfg = Release|NaCl32
		{F82336A6-3A85-45E2-9A96-26DEA54280C5}.Release|NaCl32.Build.0 = Release|NaCl32
		{F82336A6-3A85-45E2-9A96-26DEA54280C5}.Release|NaCl64.ActiveCfg = Release|NaCl64
		{F82336A6-3A85-45E2-9A96-26DEA54280C5}.Release|NaCl64.Build.0 = Release|NaCl64
		{F82336A6-3A85-45E2-9A96-26DEA54280C5}.Release|PPAPI.ActiveCfg = Release|PPAPI
		{F82336A6-3A85-45E2-9A96-26DEA54280C5}.Release|PPAPI.Build.0 = Release|PPAPI
	EndGlobalSection
	GlobalSection(SolutionProperties) = preSolution
		HideSolutionNode = FALSE
	EndGlobalSection
EndGlobal
